
Microsoft Visual Studio Solution File, Format Version 12.00
# Visual Studio Version 17
VisualStudioVersion = 17.0.31903.59
MinimumVisualStudioVersion = 10.0.40219.1
Project("{2150E333-8FDC-42A3-9474-1A3956D46DE8}") = "src", "src", "{5E73E37D-E82A-40F2-A352-95A0D9D3B22E}"
EndProject
Project("{FAE04EC0-301F-11D3-BF4B-00C04F79EFBC}") = "PowerlineTool", "src\PowerlineTool\PowerlineTool.csproj", "{9C8626C3-1B96-48BC-BB0C-C285BEB89420}"
EndProject
Global
	GlobalSection(SolutionConfigurationPlatforms) = preSolution
		Debug|Any CPU = Debug|Any CPU
		Release|Any CPU = Release|Any CPU
	EndGlobalSection
	GlobalSection(SolutionProperties) = preSolution
		HideSolutionNode = FALSE
	EndGlobalSection
	GlobalSection(ProjectConfigurationPlatforms) = postSolution
		{9C8626C3-1B96-48BC-BB0C-C285BEB89420}.Debug|Any CPU.ActiveCfg = Debug|Any CPU
		{9C8626C3-1B96-48BC-BB0C-C285BEB89420}.Debug|Any CPU.Build.0 = Debug|Any CPU
		{9C8626C3-1B96-48BC-BB0C-C285BEB89420}.Release|Any CPU.ActiveCfg = Release|Any CPU
		{9C8626C3-1B96-48BC-BB0C-C285BEB89420}.Release|Any CPU.Build.0 = Release|Any CPU
	EndGlobalSection
	GlobalSection(NestedProjects) = preSolution
		{9C8626C3-1B96-48BC-BB0C-C285BEB89420} = {5E73E37D-E82A-40F2-A352-95A0D9D3B22E}
	EndGlobalSection
EndGlobal
